
Microsoft Visual Studio Solution File, Format Version 12.00
# Visual Studio 15
VisualStudioVersion = 15.0.28307.271
MinimumVisualStudioVersion = 10.0.40219.1
Project("{FAE04EC0-301F-11D3-BF4B-00C04F79EFBC}") = "PersonalDiary", "PersonalDiary\PersonalDiary.csproj", "{50E221E6-89C6-4648-B919-980BE9F2D957}"
EndProject
Global
	GlobalSection(SolutionConfigurationPlatforms) = preSolution
		Debug|Any CPU = Debug|Any CPU
		Release|Any CPU = Release|Any CPU
	EndGlobalSection
	GlobalSection(ProjectConfigurationPlatforms) = postSolution
		{50E221E6-89C6-4648-B919-980BE9F2D957}.Debug|Any CPU.ActiveCfg = Debug|Any CPU
		{50E221E6-89C6-4648-B919-980BE9F2D957}.Debug|Any CPU.Build.0 = Debug|Any CPU
		{50E221E6-89C6-4648-B919-980BE9F2D957}.Release|Any CPU.ActiveCfg = Release|Any CPU
		{50E221E6-89C6-4648-B919-980BE9F2D957}.Release|Any CPU.Build.0 = Release|Any CPU
	EndGlobalSection
	GlobalSection(SolutionProperties) = preSolution
		HideSolutionNode = FALSE
	EndGlobalSection
	GlobalSection(ExtensibilityGlobals) = postSolution
		SolutionGuid = {2142E8C4-2FAF-41DE-8266-C3791429CD87}
	EndGlobalSection
EndGlobal
